
Microsoft Visual Studio Solution File, Format Version 12.00
# Visual Studio Version 16
VisualStudioVersion = 16.0.30223.230
MinimumVisualStudioVersion = 10.0.40219.1
Project("{FAE04EC0-301F-11D3-BF4B-00C04F79EFBC}") = "FantomasVs", "FantomasVs.csproj", "{37577282-1289-40DB-AD3D-24499BD09DAE}"
EndProject
Project("{6EC3EE1D-3C4E-46DD-8F32-0CC8E7565705}") = "FantomasStable", "FantomasStable\FantomasStable.fsproj", "{0E38584A-8312-4662-921C-86E57CFA9D26}"
EndProject
Project("{6EC3EE1D-3C4E-46DD-8F32-0CC8E7565705}") = "FantomasLatest", "FantomasLatest\FantomasLatest.fsproj", "{64606723-3B28-4AFC-8CD9-6886D334BD48}"
EndProject
Project("{6EC3EE1D-3C4E-46DD-8F32-0CC8E7565705}") = "FantomasCommon", "FantomasCommon\FantomasCommon.fsproj", "{647E5969-F130-4400-ADF6-232B5BB22F32}"
EndProject
Global
	GlobalSection(SolutionConfigurationPlatforms) = preSolution
		Debug|Any CPU = Debug|Any CPU
		Release|Any CPU = Release|Any CPU
	EndGlobalSection
	GlobalSection(ProjectConfigurationPlatforms) = postSolution
		{37577282-1289-40DB-AD3D-24499BD09DAE}.Debug|Any CPU.ActiveCfg = Debug|Any CPU
		{37577282-1289-40DB-AD3D-24499BD09DAE}.Debug|Any CPU.Build.0 = Debug|Any CPU
		{37577282-1289-40DB-AD3D-24499BD09DAE}.Release|Any CPU.ActiveCfg = Release|Any CPU
		{37577282-1289-40DB-AD3D-24499BD09DAE}.Release|Any CPU.Build.0 = Release|Any CPU
		{0E38584A-8312-4662-921C-86E57CFA9D26}.Debug|Any CPU.ActiveCfg = Debug|Any CPU
		{0E38584A-8312-4662-921C-86E57CFA9D26}.Debug|Any CPU.Build.0 = Debug|Any CPU
		{0E38584A-8312-4662-921C-86E57CFA9D26}.Release|Any CPU.ActiveCfg = Release|Any CPU
		{0E38584A-8312-4662-921C-86E57CFA9D26}.Release|Any CPU.Build.0 = Release|Any CPU
		{64606723-3B28-4AFC-8CD9-6886D334BD48}.Debug|Any CPU.ActiveCfg = Debug|Any CPU
		{64606723-3B28-4AFC-8CD9-6886D334BD48}.Debug|Any CPU.Build.0 = Debug|Any CPU
		{64606723-3B28-4AFC-8CD9-6886D334BD48}.Release|Any CPU.ActiveCfg = Release|Any CPU
		{64606723-3B28-4AFC-8CD9-6886D334BD48}.Release|Any CPU.Build.0 = Release|Any CPU
		{647E5969-F130-4400-ADF6-232B5BB22F32}.Debug|Any CPU.ActiveCfg = Debug|Any CPU
		{647E5969-F130-4400-ADF6-232B5BB22F32}.Debug|Any CPU.Build.0 = Debug|Any CPU
		{647E5969-F130-4400-ADF6-232B5BB22F32}.Release|Any CPU.ActiveCfg = Release|Any CPU
		{647E5969-F130-4400-ADF6-232B5BB22F32}.Release|Any CPU.Build.0 = Release|Any CPU
	EndGlobalSection
	GlobalSection(SolutionProperties) = preSolution
		HideSolutionNode = FALSE
	EndGlobalSection
	GlobalSection(ExtensibilityGlobals) = postSolution
		SolutionGuid = {0039EA05-B140-4301-8B82-535FB9B5395C}
	EndGlobalSection
EndGlobal
