
Microsoft Visual Studio Solution File, Format Version 12.00
# Visual Studio Version 17
VisualStudioVersion = 17.0.32126.317
MinimumVisualStudioVersion = 10.0.40219.1
Project("{FAE04EC0-301F-11D3-BF4B-00C04F79EFBC}") = "FantomasVs.VS2022", "FantomasVs.VS2022\FantomasVs.VS2022.csproj", "{61BFDC11-A5E1-4C8D-952F-45267220D8B5}"
EndProject
Project("{D954291E-2A0B-460D-934E-DC6B0785DB48}") = "FantomasVs.Shared", "FantomasVs.Shared\FantomasVs.Shared.shproj", "{B7A936CA-E24E-4EA6-9571-1373C6E44614}"
EndProject
Project("{FAE04EC0-301F-11D3-BF4B-00C04F79EFBC}") = "FantomasVs.VS2019", "FantomasVs.VS2019\FantomasVs.VS2019.csproj", "{37577282-1289-40DB-AD3D-24499BD09DAE}"
EndProject
Global
	GlobalSection(SharedMSBuildProjectFiles) = preSolution
		FantomasVs.Shared\FantomasVs.Shared.projitems*{37577282-1289-40db-ad3d-24499bd09dae}*SharedItemsImports = 4
		FantomasVs.Shared\FantomasVs.Shared.projitems*{61bfdc11-a5e1-4c8d-952f-45267220d8b5}*SharedItemsImports = 4
		FantomasVs.Shared\FantomasVs.Shared.projitems*{b7a936ca-e24e-4ea6-9571-1373c6e44614}*SharedItemsImports = 13
	EndGlobalSection
	GlobalSection(SolutionConfigurationPlatforms) = preSolution
		Debug|Any CPU = Debug|Any CPU
		Debug|x86 = Debug|x86
		Release|Any CPU = Release|Any CPU
		Release|x86 = Release|x86
	EndGlobalSection
	GlobalSection(ProjectConfigurationPlatforms) = postSolution
		{61BFDC11-A5E1-4C8D-952F-45267220D8B5}.Debug|Any CPU.ActiveCfg = Debug|Any CPU
		{61BFDC11-A5E1-4C8D-952F-45267220D8B5}.Debug|Any CPU.Build.0 = Debug|Any CPU
		{61BFDC11-A5E1-4C8D-952F-45267220D8B5}.Debug|x86.ActiveCfg = Debug|x86
		{61BFDC11-A5E1-4C8D-952F-45267220D8B5}.Debug|x86.Build.0 = Debug|x86
		{61BFDC11-A5E1-4C8D-952F-45267220D8B5}.Release|Any CPU.ActiveCfg = Release|Any CPU
		{61BFDC11-A5E1-4C8D-952F-45267220D8B5}.Release|Any CPU.Build.0 = Release|Any CPU
		{61BFDC11-A5E1-4C8D-952F-45267220D8B5}.Release|x86.ActiveCfg = Release|x86
		{61BFDC11-A5E1-4C8D-952F-45267220D8B5}.Release|x86.Build.0 = Release|x86
		{37577282-1289-40DB-AD3D-24499BD09DAE}.Debug|Any CPU.ActiveCfg = Debug|Any CPU
		{37577282-1289-40DB-AD3D-24499BD09DAE}.Debug|Any CPU.Build.0 = Debug|Any CPU
		{37577282-1289-40DB-AD3D-24499BD09DAE}.Debug|x86.ActiveCfg = Debug|Any CPU
		{37577282-1289-40DB-AD3D-24499BD09DAE}.Debug|x86.Build.0 = Debug|Any CPU
		{37577282-1289-40DB-AD3D-24499BD09DAE}.Release|Any CPU.ActiveCfg = Release|Any CPU
		{37577282-1289-40DB-AD3D-24499BD09DAE}.Release|Any CPU.Build.0 = Release|Any CPU
		{37577282-1289-40DB-AD3D-24499BD09DAE}.Release|x86.ActiveCfg = Release|Any CPU
		{37577282-1289-40DB-AD3D-24499BD09DAE}.Release|x86.Build.0 = Release|Any CPU
	EndGlobalSection
	GlobalSection(SolutionProperties) = preSolution
		HideSolutionNode = FALSE
	EndGlobalSection
	GlobalSection(ExtensibilityGlobals) = postSolution
		SolutionGuid = {0039EA05-B140-4301-8B82-535FB9B5395C}
	EndGlobalSection
EndGlobal
